
Microsoft Visual Studio Solution File, Format Version 12.00
# Visual Studio Version 16
VisualStudioVersion = 16.0.31229.75
MinimumVisualStudioVersion = 10.0.40219.1
Project("{9A19103F-16F7-4668-BE54-9A1E7A4F7556}") = "POC_readCSV", "POC_readCSV.csproj", "{EE11B33F-7CB2-4E5E-8B6C-21EF936C53A6}"
EndProject
Project("{9A19103F-16F7-4668-BE54-9A1E7A4F7556}") = "ReadCSV", "..\ReadCSV\ReadCSV.csproj", "{3E437498-5E35-4F75-A3BF-2F83E7EAD36C}"
EndProject
Project("{9A19103F-16F7-4668-BE54-9A1E7A4F7556}") = "WriteWord", "..\WriteWord\WriteWord.csproj", "{0424CE68-11EB-4FCB-B86B-F763E12086B0}"
EndProject
Project("{9A19103F-16F7-4668-BE54-9A1E7A4F7556}") = "Logging", "..\Logging\Logging.csproj", "{C94C2B7D-914A-4371-A9FB-6E323EB30316}"
EndProject
Project("{9A19103F-16F7-4668-BE54-9A1E7A4F7556}") = "WriteDocXML", "..\WriteDocXML\WriteDocXML.csproj", "{C5097FFB-F845-46CF-873E-648721F2137F}"
EndProject
Project("{9A19103F-16F7-4668-BE54-9A1E7A4F7556}") = "DbOps", "..\DbOps\DbOps.csproj", "{9134FA57-6E8C-4972-8823-E6B1ADD37846}"
EndProject
Project("{9A19103F-16F7-4668-BE54-9A1E7A4F7556}") = "NpsApy", "..\NpsApy\NpsApy.csproj", "{841F0643-0EE3-4A10-A1DD-F2CCF7131F6F}"
EndProject
Project("{9A19103F-16F7-4668-BE54-9A1E7A4F7556}") = "DataProcessor", "..\DataProcessor\DataProcessor.csproj", "{040C514C-5FC1-428E-9CAA-EB37AC46A588}"
EndProject
Project("{9A19103F-16F7-4668-BE54-9A1E7A4F7556}") = "NpsScriban", "..\NpsScriban\NpsScriban.csproj", "{1AB55C7F-22F8-4984-BD14-2A2A7C5D5E4B}"
EndProject
Project("{9A19103F-16F7-4668-BE54-9A1E7A4F7556}") = "WriteExcel", "..\WriteExcel\WriteExcel.csproj", "{3C3A6675-5B2B-44B7-A25C-7596923F0555}"
EndProject
Project("{9A19103F-16F7-4668-BE54-9A1E7A4F7556}") = "PanProcessor", "..\PanProcessor\PanProcessor.csproj", "{26561D2D-9974-40F8-914C-823BF1459636}"
EndProject
Global
	GlobalSection(SolutionConfigurationPlatforms) = preSolution
		Debug|Any CPU = Debug|Any CPU
		Release|Any CPU = Release|Any CPU
	EndGlobalSection
	GlobalSection(ProjectConfigurationPlatforms) = postSolution
		{EE11B33F-7CB2-4E5E-8B6C-21EF936C53A6}.Debug|Any CPU.ActiveCfg = Debug|Any CPU
		{EE11B33F-7CB2-4E5E-8B6C-21EF936C53A6}.Debug|Any CPU.Build.0 = Debug|Any CPU
		{EE11B33F-7CB2-4E5E-8B6C-21EF936C53A6}.Release|Any CPU.ActiveCfg = Release|Any CPU
		{EE11B33F-7CB2-4E5E-8B6C-21EF936C53A6}.Release|Any CPU.Build.0 = Release|Any CPU
		{3E437498-5E35-4F75-A3BF-2F83E7EAD36C}.Debug|Any CPU.ActiveCfg = Debug|Any CPU
		{3E437498-5E35-4F75-A3BF-2F83E7EAD36C}.Debug|Any CPU.Build.0 = Debug|Any CPU
		{3E437498-5E35-4F75-A3BF-2F83E7EAD36C}.Release|Any CPU.ActiveCfg = Release|Any CPU
		{3E437498-5E35-4F75-A3BF-2F83E7EAD36C}.Release|Any CPU.Build.0 = Release|Any CPU
		{0424CE68-11EB-4FCB-B86B-F763E12086B0}.Debug|Any CPU.ActiveCfg = Debug|Any CPU
		{0424CE68-11EB-4FCB-B86B-F763E12086B0}.Debug|Any CPU.Build.0 = Debug|Any CPU
		{0424CE68-11EB-4FCB-B86B-F763E12086B0}.Release|Any CPU.ActiveCfg = Release|Any CPU
		{0424CE68-11EB-4FCB-B86B-F763E12086B0}.Release|Any CPU.Build.0 = Release|Any CPU
		{C94C2B7D-914A-4371-A9FB-6E323EB30316}.Debug|Any CPU.ActiveCfg = Debug|Any CPU
		{C94C2B7D-914A-4371-A9FB-6E323EB30316}.Debug|Any CPU.Build.0 = Debug|Any CPU
		{C94C2B7D-914A-4371-A9FB-6E323EB30316}.Release|Any CPU.ActiveCfg = Release|Any CPU
		{C94C2B7D-914A-4371-A9FB-6E323EB30316}.Release|Any CPU.Build.0 = Release|Any CPU
		{C5097FFB-F845-46CF-873E-648721F2137F}.Debug|Any CPU.ActiveCfg = Debug|Any CPU
		{C5097FFB-F845-46CF-873E-648721F2137F}.Debug|Any CPU.Build.0 = Debug|Any CPU
		{C5097FFB-F845-46CF-873E-648721F2137F}.Release|Any CPU.ActiveCfg = Release|Any CPU
		{C5097FFB-F845-46CF-873E-648721F2137F}.Release|Any CPU.Build.0 = Release|Any CPU
		{9134FA57-6E8C-4972-8823-E6B1ADD37846}.Debug|Any CPU.ActiveCfg = Debug|Any CPU
		{9134FA57-6E8C-4972-8823-E6B1ADD37846}.Debug|Any CPU.Build.0 = Debug|Any CPU
		{9134FA57-6E8C-4972-8823-E6B1ADD37846}.Release|Any CPU.ActiveCfg = Release|Any CPU
		{9134FA57-6E8C-4972-8823-E6B1ADD37846}.Release|Any CPU.Build.0 = Release|Any CPU
		{841F0643-0EE3-4A10-A1DD-F2CCF7131F6F}.Debug|Any CPU.ActiveCfg = Debug|Any CPU
		{841F0643-0EE3-4A10-A1DD-F2CCF7131F6F}.Debug|Any CPU.Build.0 = Debug|Any CPU
		{841F0643-0EE3-4A10-A1DD-F2CCF7131F6F}.Release|Any CPU.ActiveCfg = Release|Any CPU
		{841F0643-0EE3-4A10-A1DD-F2CCF7131F6F}.Release|Any CPU.Build.0 = Release|Any CPU
		{040C514C-5FC1-428E-9CAA-EB37AC46A588}.Debug|Any CPU.ActiveCfg = Debug|Any CPU
		{040C514C-5FC1-428E-9CAA-EB37AC46A588}.Debug|Any CPU.Build.0 = Debug|Any CPU
		{040C514C-5FC1-428E-9CAA-EB37AC46A588}.Release|Any CPU.ActiveCfg = Release|Any CPU
		{040C514C-5FC1-428E-9CAA-EB37AC46A588}.Release|Any CPU.Build.0 = Release|Any CPU
		{1AB55C7F-22F8-4984-BD14-2A2A7C5D5E4B}.Debug|Any CPU.ActiveCfg = Debug|Any CPU
		{1AB55C7F-22F8-4984-BD14-2A2A7C5D5E4B}.Debug|Any CPU.Build.0 = Debug|Any CPU
		{1AB55C7F-22F8-4984-BD14-2A2A7C5D5E4B}.Release|Any CPU.ActiveCfg = Release|Any CPU
		{1AB55C7F-22F8-4984-BD14-2A2A7C5D5E4B}.Release|Any CPU.Build.0 = Release|Any CPU
		{3C3A6675-5B2B-44B7-A25C-7596923F0555}.Debug|Any CPU.ActiveCfg = Debug|Any CPU
		{3C3A6675-5B2B-44B7-A25C-7596923F0555}.Debug|Any CPU.Build.0 = Debug|Any CPU
		{3C3A6675-5B2B-44B7-A25C-7596923F0555}.Release|Any CPU.ActiveCfg = Release|Any CPU
		{3C3A6675-5B2B-44B7-A25C-7596923F0555}.Release|Any CPU.Build.0 = Release|Any CPU
		{26561D2D-9974-40F8-914C-823BF1459636}.Debug|Any CPU.ActiveCfg = Debug|Any CPU
		{26561D2D-9974-40F8-914C-823BF1459636}.Debug|Any CPU.Build.0 = Debug|Any CPU
		{26561D2D-9974-40F8-914C-823BF1459636}.Release|Any CPU.ActiveCfg = Release|Any CPU
		{26561D2D-9974-40F8-914C-823BF1459636}.Release|Any CPU.Build.0 = Release|Any CPU
	EndGlobalSection
	GlobalSection(SolutionProperties) = preSolution
		HideSolutionNode = FALSE
	EndGlobalSection
	GlobalSection(ExtensibilityGlobals) = postSolution
		SolutionGuid = {2E8F108E-DDC0-4518-8330-88F39EB0B531}
	EndGlobalSection
EndGlobal
